// !$*UTF8*$!
{
	archiveVersion = 1;
	classes = {
	};
	objectVersion = 55;
	objects = {

/* Begin PBXBuildFile section */
		A01FF0222799CE9B004B0AEF /* AppDelegate.swift in Sources */ = {isa = PBXBuildFile; fileRef = A01FF0212799CE9B004B0AEF /* AppDelegate.swift */; };
		A01FF0242799CE9B004B0AEF /* SceneDelegate.swift in Sources */ = {isa = PBXBuildFile; fileRef = A01FF0232799CE9B004B0AEF /* SceneDelegate.swift */; };
		A01FF0262799CE9B004B0AEF /* ViewController.swift in Sources */ = {isa = PBXBuildFile; fileRef = A01FF0252799CE9B004B0AEF /* ViewController.swift */; };
		A01FF02B2799CE9F004B0AEF /* Assets.xcassets in Resources */ = {isa = PBXBuildFile; fileRef = A01FF02A2799CE9F004B0AEF /* Assets.xcassets */; };
		A01FF02E2799CE9F004B0AEF /* LaunchScreen.storyboard in Resources */ = {isa = PBXBuildFile; fileRef = A01FF02C2799CE9F004B0AEF /* LaunchScreen.storyboard */; };
		A01FF0392799CE9F004B0AEF /* RecipeHelperTests.swift in Sources */ = {isa = PBXBuildFile; fileRef = A01FF0382799CE9F004B0AEF /* RecipeHelperTests.swift */; };
		A01FF0432799CE9F004B0AEF /* RecipeHelperUITests.swift in Sources */ = {isa = PBXBuildFile; fileRef = A01FF0422799CE9F004B0AEF /* RecipeHelperUITests.swift */; };
		A01FF0452799CE9F004B0AEF /* RecipeHelperUITestsLaunchTests.swift in Sources */ = {isa = PBXBuildFile; fileRef = A01FF0442799CE9F004B0AEF /* RecipeHelperUITestsLaunchTests.swift */; };
		A01FF0522799CEC9004B0AEF /* Networking.swift in Sources */ = {isa = PBXBuildFile; fileRef = A01FF0512799CEC9004B0AEF /* Networking.swift */; };
		A01FF0542799E638004B0AEF /* RecipeSearchModel.swift in Sources */ = {isa = PBXBuildFile; fileRef = A01FF0532799E638004B0AEF /* RecipeSearchModel.swift */; };
		A024862A27B3B84B000A9D8A /* VanekExample.swift in Sources */ = {isa = PBXBuildFile; fileRef = A024862927B3B84B000A9D8A /* VanekExample.swift */; };
		A024862E27B3D646000A9D8A /* TableViewCell.swift in Sources */ = {isa = PBXBuildFile; fileRef = A024862D27B3D646000A9D8A /* TableViewCell.swift */; };
		A024863127B417C9000A9D8A /* SDWebImage in Frameworks */ = {isa = PBXBuildFile; productRef = A024863027B417C9000A9D8A /* SDWebImage */; };
		A024863327B517C7000A9D8A /* DetailViewController.swift in Sources */ = {isa = PBXBuildFile; fileRef = A024863227B517C7000A9D8A /* DetailViewController.swift */; };
		A024863927B5205A000A9D8A /* RecipeManager.swift in Sources */ = {isa = PBXBuildFile; fileRef = A024863827B5205A000A9D8A /* RecipeManager.swift */; };
		A024863C27B57291000A9D8A /* CollectionViewCell.swift in Sources */ = {isa = PBXBuildFile; fileRef = A024863B27B57291000A9D8A /* CollectionViewCell.swift */; };
		A024864127B5C302000A9D8A /* GradientView.swift in Sources */ = {isa = PBXBuildFile; fileRef = A024864027B5C302000A9D8A /* GradientView.swift */; };
		A024864327B5C3DB000A9D8A /* UIView+extension.swift in Sources */ = {isa = PBXBuildFile; fileRef = A024864227B5C3DB000A9D8A /* UIView+extension.swift */; };
		A024864727B67864000A9D8A /* AutoLayout.swift in Sources */ = {isa = PBXBuildFile; fileRef = A024864627B67864000A9D8A /* AutoLayout.swift */; };
		A024864927B7B88E000A9D8A /* MainView.swift in Sources */ = {isa = PBXBuildFile; fileRef = A024864827B7B88E000A9D8A /* MainView.swift */; };
/* End PBXBuildFile section */

/* Begin PBXContainerItemProxy section */
		A01FF0352799CE9F004B0AEF /* PBXContainerItemProxy */ = {
			isa = PBXContainerItemProxy;
			containerPortal = A01FF0162799CE9B004B0AEF /* Project object */;
			proxyType = 1;
			remoteGlobalIDString = A01FF01D2799CE9B004B0AEF;
			remoteInfo = RecipeHelper;
		};
		A01FF03F2799CE9F004B0AEF /* PBXContainerItemProxy */ = {
			isa = PBXContainerItemProxy;
			containerPortal = A01FF0162799CE9B004B0AEF /* Project object */;
			proxyType = 1;
			remoteGlobalIDString = A01FF01D2799CE9B004B0AEF;
			remoteInfo = RecipeHelper;
		};
/* End PBXContainerItemProxy section */

/* Begin PBXFileReference section */
		A01FF01E2799CE9B004B0AEF /* RecipeHelper.app */ = {isa = PBXFileReference; explicitFileType = wrapper.application; includeInIndex = 0; path = RecipeHelper.app; sourceTree = BUILT_PRODUCTS_DIR; };
		A01FF0212799CE9B004B0AEF /* AppDelegate.swift */ = {isa = PBXFileReference; lastKnownFileType = sourcecode.swift; path = AppDelegate.swift; sourceTree = "<group>"; };
		A01FF0232799CE9B004B0AEF /* SceneDelegate.swift */ = {isa = PBXFileReference; lastKnownFileType = sourcecode.swift; path = SceneDelegate.swift; sourceTree = "<group>"; };
		A01FF0252799CE9B004B0AEF /* ViewController.swift */ = {isa = PBXFileReference; lastKnownFileType = sourcecode.swift; path = ViewController.swift; sourceTree = "<group>"; };
		A01FF02A2799CE9F004B0AEF /* Assets.xcassets */ = {isa = PBXFileReference; lastKnownFileType = folder.assetcatalog; path = Assets.xcassets; sourceTree = "<group>"; };
		A01FF02D2799CE9F004B0AEF /* Base */ = {isa = PBXFileReference; lastKnownFileType = file.storyboard; name = Base; path = Base.lproj/LaunchScreen.storyboard; sourceTree = "<group>"; };
		A01FF02F2799CE9F004B0AEF /* Info.plist */ = {isa = PBXFileReference; lastKnownFileType = text.plist.xml; path = Info.plist; sourceTree = "<group>"; };
		A01FF0342799CE9F004B0AEF /* RecipeHelperTests.xctest */ = {isa = PBXFileReference; explicitFileType = wrapper.cfbundle; includeInIndex = 0; path = RecipeHelperTests.xctest; sourceTree = BUILT_PRODUCTS_DIR; };
		A01FF0382799CE9F004B0AEF /* RecipeHelperTests.swift */ = {isa = PBXFileReference; lastKnownFileType = sourcecode.swift; path = RecipeHelperTests.swift; sourceTree = "<group>"; };
		A01FF03E2799CE9F004B0AEF /* RecipeHelperUITests.xctest */ = {isa = PBXFileReference; explicitFileType = wrapper.cfbundle; includeInIndex = 0; path = RecipeHelperUITests.xctest; sourceTree = BUILT_PRODUCTS_DIR; };
		A01FF0422799CE9F004B0AEF /* RecipeHelperUITests.swift */ = {isa = PBXFileReference; lastKnownFileType = sourcecode.swift; path = RecipeHelperUITests.swift; sourceTree = "<group>"; };
		A01FF0442799CE9F004B0AEF /* RecipeHelperUITestsLaunchTests.swift */ = {isa = PBXFileReference; lastKnownFileType = sourcecode.swift; path = RecipeHelperUITestsLaunchTests.swift; sourceTree = "<group>"; };
		A01FF0512799CEC9004B0AEF /* Networking.swift */ = {isa = PBXFileReference; lastKnownFileType = sourcecode.swift; path = Networking.swift; sourceTree = "<group>"; };
		A01FF0532799E638004B0AEF /* RecipeSearchModel.swift */ = {isa = PBXFileReference; lastKnownFileType = sourcecode.swift; path = RecipeSearchModel.swift; sourceTree = "<group>"; };
		A024862927B3B84B000A9D8A /* VanekExample.swift */ = {isa = PBXFileReference; lastKnownFileType = sourcecode.swift; path = VanekExample.swift; sourceTree = "<group>"; };
		A024862D27B3D646000A9D8A /* TableViewCell.swift */ = {isa = PBXFileReference; lastKnownFileType = sourcecode.swift; path = TableViewCell.swift; sourceTree = "<group>"; };
		A024863227B517C7000A9D8A /* DetailViewController.swift */ = {isa = PBXFileReference; lastKnownFileType = sourcecode.swift; path = DetailViewController.swift; sourceTree = "<group>"; };
		A024863827B5205A000A9D8A /* RecipeManager.swift */ = {isa = PBXFileReference; lastKnownFileType = sourcecode.swift; path = RecipeManager.swift; sourceTree = "<group>"; };
		A024863B27B57291000A9D8A /* CollectionViewCell.swift */ = {isa = PBXFileReference; lastKnownFileType = sourcecode.swift; path = CollectionViewCell.swift; sourceTree = "<group>"; };
		A024864027B5C302000A9D8A /* GradientView.swift */ = {isa = PBXFileReference; lastKnownFileType = sourcecode.swift; path = GradientView.swift; sourceTree = "<group>"; };
		A024864227B5C3DB000A9D8A /* UIView+extension.swift */ = {isa = PBXFileReference; lastKnownFileType = sourcecode.swift; path = "UIView+extension.swift"; sourceTree = "<group>"; };
		A024864627B67864000A9D8A /* AutoLayout.swift */ = {isa = PBXFileReference; lastKnownFileType = sourcecode.swift; path = AutoLayout.swift; sourceTree = "<group>"; };
		A024864827B7B88E000A9D8A /* MainView.swift */ = {isa = PBXFileReference; lastKnownFileType = sourcecode.swift; path = MainView.swift; sourceTree = "<group>"; };
/* End PBXFileReference section */

/* Begin PBXFrameworksBuildPhase section */
		A01FF01B2799CE9B004B0AEF /* Frameworks */ = {
			isa = PBXFrameworksBuildPhase;
			buildActionMask = 2147483647;
			files = (
				A024863127B417C9000A9D8A /* SDWebImage in Frameworks */,
			);
			runOnlyForDeploymentPostprocessing = 0;
		};
		A01FF0312799CE9F004B0AEF /* Frameworks */ = {
			isa = PBXFrameworksBuildPhase;
			buildActionMask = 2147483647;
			files = (
			);
			runOnlyForDeploymentPostprocessing = 0;
		};
		A01FF03B2799CE9F004B0AEF /* Frameworks */ = {
			isa = PBXFrameworksBuildPhase;
			buildActionMask = 2147483647;
			files = (
			);
			runOnlyForDeploymentPostprocessing = 0;
		};
/* End PBXFrameworksBuildPhase section */

/* Begin PBXGroup section */
		A01FF0152799CE9B004B0AEF = {
			isa = PBXGroup;
			children = (
				A01FF0202799CE9B004B0AEF /* RecipeHelper */,
				A024863F27B5C2E7000A9D8A /* Extension */,
				A024864527B5D760000A9D8A /* Other */,
				A01FF0372799CE9F004B0AEF /* RecipeHelperTests */,
				A01FF0412799CE9F004B0AEF /* RecipeHelperUITests */,
				A01FF01F2799CE9B004B0AEF /* Products */,
			);
			sourceTree = "<group>";
		};
		A01FF01F2799CE9B004B0AEF /* Products */ = {
			isa = PBXGroup;
			children = (
				A01FF01E2799CE9B004B0AEF /* RecipeHelper.app */,
				A01FF0342799CE9F004B0AEF /* RecipeHelperTests.xctest */,
				A01FF03E2799CE9F004B0AEF /* RecipeHelperUITests.xctest */,
			);
			name = Products;
			sourceTree = "<group>";
		};
		A01FF0202799CE9B004B0AEF /* RecipeHelper */ = {
			isa = PBXGroup;
			children = (
				A024863A27B53CA5000A9D8A /* View+ViewModel */,
				A024863827B5205A000A9D8A /* RecipeManager.swift */,
				A024864427B5D718000A9D8A /* Model+Networking */,
				A01FF02F2799CE9F004B0AEF /* Info.plist */,
			);
			path = RecipeHelper;
			sourceTree = "<group>";
		};
		A01FF0372799CE9F004B0AEF /* RecipeHelperTests */ = {
			isa = PBXGroup;
			children = (
				A01FF0382799CE9F004B0AEF /* RecipeHelperTests.swift */,
			);
			path = RecipeHelperTests;
			sourceTree = "<group>";
		};
		A01FF0412799CE9F004B0AEF /* RecipeHelperUITests */ = {
			isa = PBXGroup;
			children = (
				A01FF0422799CE9F004B0AEF /* RecipeHelperUITests.swift */,
				A01FF0442799CE9F004B0AEF /* RecipeHelperUITestsLaunchTests.swift */,
			);
			path = RecipeHelperUITests;
			sourceTree = "<group>";
		};
		A024863A27B53CA5000A9D8A /* View+ViewModel */ = {
			isa = PBXGroup;
			children = (
				A01FF0252799CE9B004B0AEF /* ViewController.swift */,
				A024864827B7B88E000A9D8A /* MainView.swift */,
				A024863227B517C7000A9D8A /* DetailViewController.swift */,
				A024863B27B57291000A9D8A /* CollectionViewCell.swift */,
				A024862D27B3D646000A9D8A /* TableViewCell.swift */,
			);
			path = "View+ViewModel";
			sourceTree = "<group>";
		};
		A024863F27B5C2E7000A9D8A /* Extension */ = {
			isa = PBXGroup;
			children = (
				A024864027B5C302000A9D8A /* GradientView.swift */,
				A024864627B67864000A9D8A /* AutoLayout.swift */,
				A024864227B5C3DB000A9D8A /* UIView+extension.swift */,
			);
			path = Extension;
			sourceTree = "<group>";
		};
		A024864427B5D718000A9D8A /* Model+Networking */ = {
			isa = PBXGroup;
			children = (
				A01FF0532799E638004B0AEF /* RecipeSearchModel.swift */,
				A01FF0512799CEC9004B0AEF /* Networking.swift */,
				A024862927B3B84B000A9D8A /* VanekExample.swift */,
			);
			path = "Model+Networking";
			sourceTree = "<group>";
		};
		A024864527B5D760000A9D8A /* Other */ = {
			isa = PBXGroup;
			children = (
				A01FF0212799CE9B004B0AEF /* AppDelegate.swift */,
				A01FF0232799CE9B004B0AEF /* SceneDelegate.swift */,
				A01FF02A2799CE9F004B0AEF /* Assets.xcassets */,
				A01FF02C2799CE9F004B0AEF /* LaunchScreen.storyboard */,
			);
			path = Other;
			sourceTree = "<group>";
		};
/* End PBXGroup section */

/* Begin PBXNativeTarget section */
		A01FF01D2799CE9B004B0AEF /* RecipeHelper */ = {
			isa = PBXNativeTarget;
			buildConfigurationList = A01FF0482799CE9F004B0AEF /* Build configuration list for PBXNativeTarget "RecipeHelper" */;
			buildPhases = (
				A01FF01A2799CE9B004B0AEF /* Sources */,
				A01FF01B2799CE9B004B0AEF /* Frameworks */,
				A01FF01C2799CE9B004B0AEF /* Resources */,
			);
			buildRules = (
			);
			dependencies = (
			);
			name = RecipeHelper;
			packageProductDependencies = (
				A024863027B417C9000A9D8A /* SDWebImage */,
			);
			productName = RecipeHelper;
			productReference = A01FF01E2799CE9B004B0AEF /* RecipeHelper.app */;
			productType = "com.apple.product-type.application";
		};
		A01FF0332799CE9F004B0AEF /* RecipeHelperTests */ = {
			isa = PBXNativeTarget;
			buildConfigurationList = A01FF04B2799CE9F004B0AEF /* Build configuration list for PBXNativeTarget "RecipeHelperTests" */;
			buildPhases = (
				A01FF0302799CE9F004B0AEF /* Sources */,
				A01FF0312799CE9F004B0AEF /* Frameworks */,
				A01FF0322799CE9F004B0AEF /* Resources */,
			);
			buildRules = (
			);
			dependencies = (
				A01FF0362799CE9F004B0AEF /* PBXTargetDependency */,
			);
			name = RecipeHelperTests;
			productName = RecipeHelperTests;
			productReference = A01FF0342799CE9F004B0AEF /* RecipeHelperTests.xctest */;
			productType = "com.apple.product-type.bundle.unit-test";
		};
		A01FF03D2799CE9F004B0AEF /* RecipeHelperUITests */ = {
			isa = PBXNativeTarget;
			buildConfigurationList = A01FF04E2799CE9F004B0AEF /* Build configuration list for PBXNativeTarget "RecipeHelperUITests" */;
			buildPhases = (
				A01FF03A2799CE9F004B0AEF /* Sources */,
				A01FF03B2799CE9F004B0AEF /* Frameworks */,
				A01FF03C2799CE9F004B0AEF /* Resources */,
			);
			buildRules = (
			);
			dependencies = (
				A01FF0402799CE9F004B0AEF /* PBXTargetDependency */,
			);
			name = RecipeHelperUITests;
			productName = RecipeHelperUITests;
			productReference = A01FF03E2799CE9F004B0AEF /* RecipeHelperUITests.xctest */;
			productType = "com.apple.product-type.bundle.ui-testing";
		};
/* End PBXNativeTarget section */

/* Begin PBXProject section */
		A01FF0162799CE9B004B0AEF /* Project object */ = {
			isa = PBXProject;
			attributes = {
				BuildIndependentTargetsInParallel = 1;
				LastSwiftUpdateCheck = 1320;
				LastUpgradeCheck = 1320;
				TargetAttributes = {
					A01FF01D2799CE9B004B0AEF = {
						CreatedOnToolsVersion = 13.2.1;
					};
					A01FF0332799CE9F004B0AEF = {
						CreatedOnToolsVersion = 13.2.1;
						TestTargetID = A01FF01D2799CE9B004B0AEF;
					};
					A01FF03D2799CE9F004B0AEF = {
						CreatedOnToolsVersion = 13.2.1;
						TestTargetID = A01FF01D2799CE9B004B0AEF;
					};
				};
			};
			buildConfigurationList = A01FF0192799CE9B004B0AEF /* Build configuration list for PBXProject "RecipeHelper" */;
			compatibilityVersion = "Xcode 13.0";
			developmentRegion = en;
			hasScannedForEncodings = 0;
			knownRegions = (
				en,
				Base,
			);
			mainGroup = A01FF0152799CE9B004B0AEF;
			packageReferences = (
				A024862F27B417C9000A9D8A /* XCRemoteSwiftPackageReference "SDWebImage" */,
			);
			productRefGroup = A01FF01F2799CE9B004B0AEF /* Products */;
			projectDirPath = "";
			projectRoot = "";
			targets = (
				A01FF01D2799CE9B004B0AEF /* RecipeHelper */,
				A01FF0332799CE9F004B0AEF /* RecipeHelperTests */,
				A01FF03D2799CE9F004B0AEF /* RecipeHelperUITests */,
			);
		};
/* End PBXProject section */

/* Begin PBXResourcesBuildPhase section */
		A01FF01C2799CE9B004B0AEF /* Resources */ = {
			isa = PBXResourcesBuildPhase;
			buildActionMask = 2147483647;
			files = (
				A01FF02E2799CE9F004B0AEF /* LaunchScreen.storyboard in Resources */,
				A01FF02B2799CE9F004B0AEF /* Assets.xcassets in Resources */,
			);
			runOnlyForDeploymentPostprocessing = 0;
		};
		A01FF0322799CE9F004B0AEF /* Resources */ = {
			isa = PBXResourcesBuildPhase;
			buildActionMask = 2147483647;
			files = (
			);
			runOnlyForDeploymentPostprocessing = 0;
		};
		A01FF03C2799CE9F004B0AEF /* Resources */ = {
			isa = PBXResourcesBuildPhase;
			buildActionMask = 2147483647;
			files = (
			);
			runOnlyForDeploymentPostprocessing = 0;
		};
/* End PBXResourcesBuildPhase section */

/* Begin PBXSourcesBuildPhase section */
		A01FF01A2799CE9B004B0AEF /* Sources */ = {
			isa = PBXSourcesBuildPhase;
			buildActionMask = 2147483647;
			files = (
				A024864727B67864000A9D8A /* AutoLayout.swift in Sources */,
				A024864927B7B88E000A9D8A /* MainView.swift in Sources */,
				A024863C27B57291000A9D8A /* CollectionViewCell.swift in Sources */,
				A024862A27B3B84B000A9D8A /* VanekExample.swift in Sources */,
				A024864127B5C302000A9D8A /* GradientView.swift in Sources */,
				A024862E27B3D646000A9D8A /* TableViewCell.swift in Sources */,
				A01FF0262799CE9B004B0AEF /* ViewController.swift in Sources */,
				A024863927B5205A000A9D8A /* RecipeManager.swift in Sources */,
				A024864327B5C3DB000A9D8A /* UIView+extension.swift in Sources */,
				A01FF0222799CE9B004B0AEF /* AppDelegate.swift in Sources */,
				A01FF0542799E638004B0AEF /* RecipeSearchModel.swift in Sources */,
				A01FF0242799CE9B004B0AEF /* SceneDelegate.swift in Sources */,
				A01FF0522799CEC9004B0AEF /* Networking.swift in Sources */,
				A024863327B517C7000A9D8A /* DetailViewController.swift in Sources */,
			);
			runOnlyForDeploymentPostprocessing = 0;
		};
		A01FF0302799CE9F004B0AEF /* Sources */ = {
			isa = PBXSourcesBuildPhase;
			buildActionMask = 2147483647;
			files = (
				A01FF0392799CE9F004B0AEF /* RecipeHelperTests.swift in Sources */,
			);
			runOnlyForDeploymentPostprocessing = 0;
		};
		A01FF03A2799CE9F004B0AEF /* Sources */ = {
			isa = PBXSourcesBuildPhase;
			buildActionMask = 2147483647;
			files = (
				A01FF0452799CE9F004B0AEF /* RecipeHelperUITestsLaunchTests.swift in Sources */,
				A01FF0432799CE9F004B0AEF /* RecipeHelperUITests.swift in Sources */,
			);
			runOnlyForDeploymentPostprocessing = 0;
		};
/* End PBXSourcesBuildPhase section */

/* Begin PBXTargetDependency section */
		A01FF0362799CE9F004B0AEF /* PBXTargetDependency */ = {
			isa = PBXTargetDependency;
			target = A01FF01D2799CE9B004B0AEF /* RecipeHelper */;
			targetProxy = A01FF0352799CE9F004B0AEF /* PBXContainerItemProxy */;
		};
		A01FF0402799CE9F004B0AEF /* PBXTargetDependency */ = {
			isa = PBXTargetDependency;
			target = A01FF01D2799CE9B004B0AEF /* RecipeHelper */;
			targetProxy = A01FF03F2799CE9F004B0AEF /* PBXContainerItemProxy */;
		};
/* End PBXTargetDependency section */

/* Begin PBXVariantGroup section */
		A01FF02C2799CE9F004B0AEF /* LaunchScreen.storyboard */ = {
			isa = PBXVariantGroup;
			children = (
				A01FF02D2799CE9F004B0AEF /* Base */,
			);
			name = LaunchScreen.storyboard;
			sourceTree = "<group>";
		};
/* End PBXVariantGroup section */

/* Begin XCBuildConfiguration section */
		A01FF0462799CE9F004B0AEF /* Debug */ = {
			isa = XCBuildConfiguration;
			buildSettings = {
				ALWAYS_SEARCH_USER_PATHS = NO;
				CLANG_ANALYZER_NONNULL = YES;
				CLANG_ANALYZER_NUMBER_OBJECT_CONVERSION = YES_AGGRESSIVE;
				CLANG_CXX_LANGUAGE_STANDARD = "gnu++17";
				CLANG_CXX_LIBRARY = "libc++";
				CLANG_ENABLE_MODULES = YES;
				CLANG_ENABLE_OBJC_ARC = YES;
				CLANG_ENABLE_OBJC_WEAK = YES;
				CLANG_WARN_BLOCK_CAPTURE_AUTORELEASING = YES;
				CLANG_WARN_BOOL_CONVERSION = YES;
				CLANG_WARN_COMMA = YES;
				CLANG_WARN_CONSTANT_CONVERSION = YES;
				CLANG_WARN_DEPRECATED_OBJC_IMPLEMENTATIONS = YES;
				CLANG_WARN_DIRECT_OBJC_ISA_USAGE = YES_ERROR;
				CLANG_WARN_DOCUMENTATION_COMMENTS = YES;
				CLANG_WARN_EMPTY_BODY = YES;
				CLANG_WARN_ENUM_CONVERSION = YES;
				CLANG_WARN_INFINITE_RECURSION = YES;
				CLANG_WARN_INT_CONVERSION = YES;
				CLANG_WARN_NON_LITERAL_NULL_CONVERSION = YES;
				CLANG_WARN_OBJC_IMPLICIT_RETAIN_SELF = YES;
				CLANG_WARN_OBJC_LITERAL_CONVERSION = YES;
				CLANG_WARN_OBJC_ROOT_CLASS = YES_ERROR;
				CLANG_WARN_QUOTED_INCLUDE_IN_FRAMEWORK_HEADER = YES;
				CLANG_WARN_RANGE_LOOP_ANALYSIS = YES;
				CLANG_WARN_STRICT_PROTOTYPES = YES;
				CLANG_WARN_SUSPICIOUS_MOVE = YES;
				CLANG_WARN_UNGUARDED_AVAILABILITY = YES_AGGRESSIVE;
				CLANG_WARN_UNREACHABLE_CODE = YES;
				CLANG_WARN__DUPLICATE_METHOD_MATCH = YES;
				COPY_PHASE_STRIP = NO;
				DEBUG_INFORMATION_FORMAT = dwarf;
				ENABLE_STRICT_OBJC_MSGSEND = YES;
				ENABLE_TESTABILITY = YES;
				GCC_C_LANGUAGE_STANDARD = gnu11;
				GCC_DYNAMIC_NO_PIC = NO;
				GCC_NO_COMMON_BLOCKS = YES;
				GCC_OPTIMIZATION_LEVEL = 0;
				GCC_PREPROCESSOR_DEFINITIONS = (
					"DEBUG=1",
					"$(inherited)",
				);
				GCC_WARN_64_TO_32_BIT_CONVERSION = YES;
				GCC_WARN_ABOUT_RETURN_TYPE = YES_ERROR;
				GCC_WARN_UNDECLARED_SELECTOR = YES;
				GCC_WARN_UNINITIALIZED_AUTOS = YES_AGGRESSIVE;
				GCC_WARN_UNUSED_FUNCTION = YES;
				GCC_WARN_UNUSED_VARIABLE = YES;
				IPHONEOS_DEPLOYMENT_TARGET = 15.2;
				MTL_ENABLE_DEBUG_INFO = INCLUDE_SOURCE;
				MTL_FAST_MATH = YES;
				ONLY_ACTIVE_ARCH = YES;
				SDKROOT = iphoneos;
				SWIFT_ACTIVE_COMPILATION_CONDITIONS = DEBUG;
				SWIFT_OPTIMIZATION_LEVEL = "-Onone";
			};
			name = Debug;
		};
		A01FF0472799CE9F004B0AEF /* Release */ = {
			isa = XCBuildConfiguration;
			buildSettings = {
				ALWAYS_SEARCH_USER_PATHS = NO;
				CLANG_ANALYZER_NONNULL = YES;
				CLANG_ANALYZER_NUMBER_OBJECT_CONVERSION = YES_AGGRESSIVE;
				CLANG_CXX_LANGUAGE_STANDARD = "gnu++17";
				CLANG_CXX_LIBRARY = "libc++";
				CLANG_ENABLE_MODULES = YES;
				CLANG_ENABLE_OBJC_ARC = YES;
				CLANG_ENABLE_OBJC_WEAK = YES;
				CLANG_WARN_BLOCK_CAPTURE_AUTORELEASING = YES;
				CLANG_WARN_BOOL_CONVERSION = YES;
				CLANG_WARN_COMMA = YES;
				CLANG_WARN_CONSTANT_CONVERSION = YES;
				CLANG_WARN_DEPRECATED_OBJC_IMPLEMENTATIONS = YES;
				CLANG_WARN_DIRECT_OBJC_ISA_USAGE = YES_ERROR;
				CLANG_WARN_DOCUMENTATION_COMMENTS = YES;
				CLANG_WARN_EMPTY_BODY = YES;
				CLANG_WARN_ENUM_CONVERSION = YES;
				CLANG_WARN_INFINITE_RECURSION = YES;
				CLANG_WARN_INT_CONVERSION = YES;
				CLANG_WARN_NON_LITERAL_NULL_CONVERSION = YES;
				CLANG_WARN_OBJC_IMPLICIT_RETAIN_SELF = YES;
				CLANG_WARN_OBJC_LITERAL_CONVERSION = YES;
				CLANG_WARN_OBJC_ROOT_CLASS = YES_ERROR;
				CLANG_WARN_QUOTED_INCLUDE_IN_FRAMEWORK_HEADER = YES;
				CLANG_WARN_RANGE_LOOP_ANALYSIS = YES;
				CLANG_WARN_STRICT_PROTOTYPES = YES;
				CLANG_WARN_SUSPICIOUS_MOVE = YES;
				CLANG_WARN_UNGUARDED_AVAILABILITY = YES_AGGRESSIVE;
				CLANG_WARN_UNREACHABLE_CODE = YES;
				CLANG_WARN__DUPLICATE_METHOD_MATCH = YES;
				COPY_PHASE_STRIP = NO;
				DEBUG_INFORMATION_FORMAT = "dwarf-with-dsym";
				ENABLE_NS_ASSERTIONS = NO;
				ENABLE_STRICT_OBJC_MSGSEND = YES;
				GCC_C_LANGUAGE_STANDARD = gnu11;
				GCC_NO_COMMON_BLOCKS = YES;
				GCC_WARN_64_TO_32_BIT_CONVERSION = YES;
				GCC_WARN_ABOUT_RETURN_TYPE = YES_ERROR;
				GCC_WARN_UNDECLARED_SELECTOR = YES;
				GCC_WARN_UNINITIALIZED_AUTOS = YES_AGGRESSIVE;
				GCC_WARN_UNUSED_FUNCTION = YES;
				GCC_WARN_UNUSED_VARIABLE = YES;
				IPHONEOS_DEPLOYMENT_TARGET = 15.2;
				MTL_ENABLE_DEBUG_INFO = NO;
				MTL_FAST_MATH = YES;
				SDKROOT = iphoneos;
				SWIFT_COMPILATION_MODE = wholemodule;
				SWIFT_OPTIMIZATION_LEVEL = "-O";
				VALIDATE_PRODUCT = YES;
			};
			name = Release;
		};
		A01FF0492799CE9F004B0AEF /* Debug */ = {
			isa = XCBuildConfiguration;
			buildSettings = {
				ASSETCATALOG_COMPILER_APPICON_NAME = AppIcon;
				ASSETCATALOG_COMPILER_GLOBAL_ACCENT_COLOR_NAME = AccentColor;
				CODE_SIGN_STYLE = Automatic;
				CURRENT_PROJECT_VERSION = 1;
				DEVELOPMENT_TEAM = FH3L66WWHF;
				GENERATE_INFOPLIST_FILE = YES;
				INFOPLIST_FILE = RecipeHelper/Info.plist;
				INFOPLIST_KEY_UIApplicationSupportsIndirectInputEvents = YES;
				INFOPLIST_KEY_UILaunchStoryboardName = LaunchScreen;
				INFOPLIST_KEY_UISupportedInterfaceOrientations_iPad = "UIInterfaceOrientationPortrait UIInterfaceOrientationPortraitUpsideDown UIInterfaceOrientationLandscapeLeft UIInterfaceOrientationLandscapeRight";
				INFOPLIST_KEY_UISupportedInterfaceOrientations_iPhone = "UIInterfaceOrientationPortrait UIInterfaceOrientationLandscapeLeft UIInterfaceOrientationLandscapeRight";
				LD_RUNPATH_SEARCH_PATHS = (
					"$(inherited)",
					"@executable_path/Frameworks",
				);
				MARKETING_VERSION = 1.0;
				PRODUCT_BUNDLE_IDENTIFIER = appantik.RecipeHelper;
				PRODUCT_NAME = "$(TARGET_NAME)";
				SWIFT_EMIT_LOC_STRINGS = YES;
				SWIFT_VERSION = 5.0;
				TARGETED_DEVICE_FAMILY = "1,2";
			};
			name = Debug;
		};
		A01FF04A2799CE9F004B0AEF /* Release */ = {
			isa = XCBuildConfiguration;
			buildSettings = {
				ASSETCATALOG_COMPILER_APPICON_NAME = AppIcon;
				ASSETCATALOG_COMPILER_GLOBAL_ACCENT_COLOR_NAME = AccentColor;
				CODE_SIGN_STYLE = Automatic;
				CURRENT_PROJECT_VERSION = 1;
				DEVELOPMENT_TEAM = FH3L66WWHF;
				GENERATE_INFOPLIST_FILE = YES;
				INFOPLIST_FILE = RecipeHelper/Info.plist;
				INFOPLIST_KEY_UIApplicationSupportsIndirectInputEvents = YES;
				INFOPLIST_KEY_UILaunchStoryboardName = LaunchScreen;
				INFOPLIST_KEY_UISupportedInterfaceOrientations_iPad = "UIInterfaceOrientationPortrait UIInterfaceOrientationPortraitUpsideDown UIInterfaceOrientationLandscapeLeft UIInterfaceOrientationLandscapeRight";
				INFOPLIST_KEY_UISupportedInterfaceOrientations_iPhone = "UIInterfaceOrientationPortrait UIInterfaceOrientationLandscapeLeft UIInterfaceOrientationLandscapeRight";
				LD_RUNPATH_SEARCH_PATHS = (
					"$(inherited)",
					"@executable_path/Frameworks",
				);
				MARKETING_VERSION = 1.0;
				PRODUCT_BUNDLE_IDENTIFIER = appantik.RecipeHelper;
				PRODUCT_NAME = "$(TARGET_NAME)";
				SWIFT_EMIT_LOC_STRINGS = YES;
				SWIFT_VERSION = 5.0;
				TARGETED_DEVICE_FAMILY = "1,2";
			};
			name = Release;
		};
		A01FF04C2799CE9F004B0AEF /* Debug */ = {
			isa = XCBuildConfiguration;
			buildSettings = {
				ALWAYS_EMBED_SWIFT_STANDARD_LIBRARIES = YES;
				BUNDLE_LOADER = "$(TEST_HOST)";
				CODE_SIGN_STYLE = Automatic;
				CURRENT_PROJECT_VERSION = 1;
				DEVELOPMENT_TEAM = FH3L66WWHF;
				GENERATE_INFOPLIST_FILE = YES;
				IPHONEOS_DEPLOYMENT_TARGET = 15.2;
				MARKETING_VERSION = 1.0;
				PRODUCT_BUNDLE_IDENTIFIER = appantik.RecipeHelperTests;
				PRODUCT_NAME = "$(TARGET_NAME)";
				SWIFT_EMIT_LOC_STRINGS = NO;
				SWIFT_VERSION = 5.0;
				TARGETED_DEVICE_FAMILY = "1,2";
				TEST_HOST = "$(BUILT_PRODUCTS_DIR)/RecipeHelper.app/RecipeHelper";
			};
			name = Debug;
		};
		A01FF04D2799CE9F004B0AEF /* Release */ = {
			isa = XCBuildConfiguration;
			buildSettings = {
				ALWAYS_EMBED_SWIFT_STANDARD_LIBRARIES = YES;
				BUNDLE_LOADER = "$(TEST_HOST)";
				CODE_SIGN_STYLE = Automatic;
				CURRENT_PROJECT_VERSION = 1;
				DEVELOPMENT_TEAM = FH3L66WWHF;
				GENERATE_INFOPLIST_FILE = YES;
				IPHONEOS_DEPLOYMENT_TARGET = 15.2;
				MARKETING_VERSION = 1.0;
				PRODUCT_BUNDLE_IDENTIFIER = appantik.RecipeHelperTests;
				PRODUCT_NAME = "$(TARGET_NAME)";
				SWIFT_EMIT_LOC_STRINGS = NO;
				SWIFT_VERSION = 5.0;
				TARGETED_DEVICE_FAMILY = "1,2";
				TEST_HOST = "$(BUILT_PRODUCTS_DIR)/RecipeHelper.app/RecipeHelper";
			};
			name = Release;
		};
		A01FF04F2799CE9F004B0AEF /* Debug */ = {
			isa = XCBuildConfiguration;
			buildSettings = {
				ALWAYS_EMBED_SWIFT_STANDARD_LIBRARIES = YES;
				CODE_SIGN_STYLE = Automatic;
				CURRENT_PROJECT_VERSION = 1;
				DEVELOPMENT_TEAM = FH3L66WWHF;
				GENERATE_INFOPLIST_FILE = YES;
				MARKETING_VERSION = 1.0;
				PRODUCT_BUNDLE_IDENTIFIER = appantik.RecipeHelperUITests;
				PRODUCT_NAME = "$(TARGET_NAME)";
				SWIFT_EMIT_LOC_STRINGS = NO;
				SWIFT_VERSION = 5.0;
				TARGETED_DEVICE_FAMILY = "1,2";
				TEST_TARGET_NAME = RecipeHelper;
			};
			name = Debug;
		};
		A01FF0502799CE9F004B0AEF /* Release */ = {
			isa = XCBuildConfiguration;
			buildSettings = {
				ALWAYS_EMBED_SWIFT_STANDARD_LIBRARIES = YES;
				CODE_SIGN_STYLE = Automatic;
				CURRENT_PROJECT_VERSION = 1;
				DEVELOPMENT_TEAM = FH3L66WWHF;
				GENERATE_INFOPLIST_FILE = YES;
				MARKETING_VERSION = 1.0;
				PRODUCT_BUNDLE_IDENTIFIER = appantik.RecipeHelperUITests;
				PRODUCT_NAME = "$(TARGET_NAME)";
				SWIFT_EMIT_LOC_STRINGS = NO;
				SWIFT_VERSION = 5.0;
				TARGETED_DEVICE_FAMILY = "1,2";
				TEST_TARGET_NAME = RecipeHelper;
			};
			name = Release;
		};
/* End XCBuildConfiguration section */

/* Begin XCConfigurationList section */
		A01FF0192799CE9B004B0AEF /* Build configuration list for PBXProject "RecipeHelper" */ = {
			isa = XCConfigurationList;
			buildConfigurations = (
				A01FF0462799CE9F004B0AEF /* Debug */,
				A01FF0472799CE9F004B0AEF /* Release */,
			);
			defaultConfigurationIsVisible = 0;
			defaultConfigurationName = Release;
		};
		A01FF0482799CE9F004B0AEF /* Build configuration list for PBXNativeTarget "RecipeHelper" */ = {
			isa = XCConfigurationList;
			buildConfigurations = (
				A01FF0492799CE9F004B0AEF /* Debug */,
				A01FF04A2799CE9F004B0AEF /* Release */,
			);
			defaultConfigurationIsVisible = 0;
			defaultConfigurationName = Release;
		};
		A01FF04B2799CE9F004B0AEF /* Build configuration list for PBXNativeTarget "RecipeHelperTests" */ = {
			isa = XCConfigurationList;
			buildConfigurations = (
				A01FF04C2799CE9F004B0AEF /* Debug */,
				A01FF04D2799CE9F004B0AEF /* Release */,
			);
			defaultConfigurationIsVisible = 0;
			defaultConfigurationName = Release;
		};
		A01FF04E2799CE9F004B0AEF /* Build configuration list for PBXNativeTarget "RecipeHelperUITests" */ = {
			isa = XCConfigurationList;
			buildConfigurations = (
				A01FF04F2799CE9F004B0AEF /* Debug */,
				A01FF0502799CE9F004B0AEF /* Release */,
			);
			defaultConfigurationIsVisible = 0;
			defaultConfigurationName = Release;
		};
/* End XCConfigurationList section */

/* Begin XCRemoteSwiftPackageReference section */
		A024862F27B417C9000A9D8A /* XCRemoteSwiftPackageReference "SDWebImage" */ = {
			isa = XCRemoteSwiftPackageReference;
			repositoryURL = "https://github.com/SDWebImage/SDWebImage";
			requirement = {
				kind = upToNextMajorVersion;
				minimumVersion = 5.0.0;
			};
		};
/* End XCRemoteSwiftPackageReference section */

/* Begin XCSwiftPackageProductDependency section */
		A024863027B417C9000A9D8A /* SDWebImage */ = {
			isa = XCSwiftPackageProductDependency;
			package = A024862F27B417C9000A9D8A /* XCRemoteSwiftPackageReference "SDWebImage" */;
			productName = SDWebImage;
		};
/* End XCSwiftPackageProductDependency section */
	};
	rootObject = A01FF0162799CE9B004B0AEF /* Project object */;
}
